
Microsoft Visual Studio Solution File, Format Version 12.00
# Visual Studio 14
VisualStudioVersion = 14.0.25420.1
MinimumVisualStudioVersion = 10.0.40219.1
Project("{2150E333-8FDC-42A3-9474-1A3956D46DE8}") = "DataBase", "DataBase", "{CB3EB5EC-A3F2-42BD-AC6F-74077F909BF2}"
EndProject
Project("{2150E333-8FDC-42A3-9474-1A3956D46DE8}") = "WCF", "WCF", "{5016B952-5943-4858-A3AD-5B7FE9D93643}"
EndProject
Project("{FAE04EC0-301F-11D3-BF4B-00C04F79EFBC}") = "WEB", "..\WEB\WEB.csproj", "{9DB5DB92-DEE8-4E01-8283-43B0DEB6ECEA}"
	ProjectSection(ProjectDependencies) = postProject
		{BBAAA30E-46B4-410C-9E68-8DA90653316D} = {BBAAA30E-46B4-410C-9E68-8DA90653316D}
	EndProjectSection
EndProject
Project("{FAE04EC0-301F-11D3-BF4B-00C04F79EFBC}") = "BLL", "..\BLL\BLL.csproj", "{7A095475-FFEC-4341-AF2E-614495DA18AC}"
	ProjectSection(ProjectDependencies) = postProject
		{1E7F5799-80FC-445D-A0B1-C970AA3CDC2A} = {1E7F5799-80FC-445D-A0B1-C970AA3CDC2A}
	EndProjectSection
EndProject
Project("{FAE04EC0-301F-11D3-BF4B-00C04F79EFBC}") = "DAL", "..\DataBase\DAL\DAL.csproj", "{6266B84A-C9F3-4179-A5F4-3A42DACB04DA}"
EndProject
Project("{00D1A9C2-B5F0-4AF3-8072-F6C62B433612}") = "DB", "..\DataBase\DB\DB.sqlproj", "{ABD64EC2-423F-4FEE-8FEC-B067CEEA3291}"
EndProject
Project("{FAE04EC0-301F-11D3-BF4B-00C04F79EFBC}") = "TestData", "..\Tools\TestData\TestData.csproj", "{3693BC3B-F1DC-493D-8A63-49E7ED8DFD58}"
EndProject
Project("{FAE04EC0-301F-11D3-BF4B-00C04F79EFBC}") = "WcfHost", "..\WCF\WcfHost\WcfHost.csproj", "{BBAAA30E-46B4-410C-9E68-8DA90653316D}"
EndProject
Project("{FAE04EC0-301F-11D3-BF4B-00C04F79EFBC}") = "WcfInterfaces", "..\WCF\WcfInterfaces\WcfInterfaces.csproj", "{1347BA5F-5E64-4F73-883A-9CA5A3AE8732}"
EndProject
Project("{2150E333-8FDC-42A3-9474-1A3956D46DE8}") = "Common", "Common", "{B6215140-15BF-46BA-AC1C-227C284F3CC1}"
EndProject
Project("{FAE04EC0-301F-11D3-BF4B-00C04F79EFBC}") = "CommonModels", "..\Common\CommonModels\CommonModels.csproj", "{655242D4-0A65-478C-AE5F-21B7D34DA305}"
EndProject
Project("{FAE04EC0-301F-11D3-BF4B-00C04F79EFBC}") = "CommonPortable", "..\Common\CommonPortable\CommonPortable.csproj", "{5A67FE83-7881-4693-800C-7077C7FA88EB}"
EndProject
Project("{FAE04EC0-301F-11D3-BF4B-00C04F79EFBC}") = "UtilsLocal", "..\Common\UtilsLocal\UtilsLocal.csproj", "{CF59FD01-0918-4603-9406-E7D01314F6E9}"
EndProject
Project("{FAE04EC0-301F-11D3-BF4B-00C04F79EFBC}") = "UtilsShared", "..\Common\UtilsShared\UtilsShared.csproj", "{2B9F1FFF-A277-4DC1-81CF-E6A3AFA5B4EF}"
EndProject
Project("{2150E333-8FDC-42A3-9474-1A3956D46DE8}") = "WinStore", "WinStore", "{6D94E59B-FCC9-4DE2-915E-E0C1966D1CA9}"
EndProject
Project("{FAE04EC0-301F-11D3-BF4B-00C04F79EFBC}") = "MetroWpf", "..\WinStore\MetroWpf\MetroWpf.csproj", "{74347348-653A-41A1-8529-BBE2A5523BFB}"
EndProject
Project("{FAE04EC0-301F-11D3-BF4B-00C04F79EFBC}") = "WinStoreClientProxy", "..\WinStore\WinStoreClientProxy\WinStoreClientProxy.csproj", "{BA61B371-2688-4675-A6B0-5D37835A6578}"
EndProject
Project("{FAE04EC0-301F-11D3-BF4B-00C04F79EFBC}") = "UtilsSharedPortable", "..\Common\UtilsSharedPortable\UtilsSharedPortable.csproj", "{1E7F5799-80FC-445D-A0B1-C970AA3CDC2A}"
EndProject
Project("{2150E333-8FDC-42A3-9474-1A3956D46DE8}") = "WindowsPhone", "WindowsPhone", "{349CC3D6-1960-449B-8614-868AD877996C}"
EndProject
Project("{FAE04EC0-301F-11D3-BF4B-00C04F79EFBC}") = "TileUpdaterAgent", "..\WindowsPhone\TileUpdaterAgent\TileUpdaterAgent.csproj", "{7B0A3412-7C54-4DB0-B6EE-3B4A2F8212C7}"
EndProject
Project("{FAE04EC0-301F-11D3-BF4B-00C04F79EFBC}") = "WindowsPhone", "..\WindowsPhone\WindowsPhone\WindowsPhone.csproj", "{752AA322-F235-4357-A19D-BF034101493D}"
EndProject
Project("{FAE04EC0-301F-11D3-BF4B-00C04F79EFBC}") = "SetupLocalIp", "..\Tools\SetupLocalIp\SetupLocalIp.csproj", "{DABED994-4CC7-4C98-AF9D-CAB35C2FEC62}"
EndProject
Project("{FAE04EC0-301F-11D3-BF4B-00C04F79EFBC}") = "InitSolution", "..\Tools\InitSolution\InitSolution.csproj", "{0B6F5D16-8AA1-4281-A41F-5DDCE390C308}"
EndProject
Project("{FAE04EC0-301F-11D3-BF4B-00C04F79EFBC}") = "WinPhoneClientProxy", "..\WindowsPhone\WinPhoneClientProxy\WinPhoneClientProxy.csproj", "{F4AA3829-87F6-4515-9A1A-0D0CE1C35269}"
	ProjectSection(ProjectDependencies) = postProject
		{BBAAA30E-46B4-410C-9E68-8DA90653316D} = {BBAAA30E-46B4-410C-9E68-8DA90653316D}
	EndProjectSection
EndProject
Project("{FAE04EC0-301F-11D3-BF4B-00C04F79EFBC}") = "WinPhoneCommon", "..\WindowsPhone\WinPhoneCommon\WinPhoneCommon.csproj", "{B5E042F7-3261-41FD-9974-E7E3E5F4D8FD}"
EndProject
Project("{2150E333-8FDC-42A3-9474-1A3956D46DE8}") = "Tools", "Tools", "{073130DB-45F5-4EB6-94DC-E30FB7882CDF}"
EndProject
Global
	GlobalSection(SolutionConfigurationPlatforms) = preSolution
		Debug|Any CPU = Debug|Any CPU
		Debug|ARM = Debug|ARM
		Debug|Mixed Platforms = Debug|Mixed Platforms
		Debug|Win32 = Debug|Win32
		Debug|x64 = Debug|x64
		Debug|x86 = Debug|x86
		Release|Any CPU = Release|Any CPU
		Release|ARM = Release|ARM
		Release|Mixed Platforms = Release|Mixed Platforms
		Release|Win32 = Release|Win32
		Release|x64 = Release|x64
		Release|x86 = Release|x86
	EndGlobalSection
	GlobalSection(ProjectConfigurationPlatforms) = postSolution
		{9DB5DB92-DEE8-4E01-8283-43B0DEB6ECEA}.Debug|Any CPU.ActiveCfg = Debug|Any CPU
		{9DB5DB92-DEE8-4E01-8283-43B0DEB6ECEA}.Debug|Any CPU.Build.0 = Debug|Any CPU
		{9DB5DB92-DEE8-4E01-8283-43B0DEB6ECEA}.Debug|ARM.ActiveCfg = Debug|Any CPU
		{9DB5DB92-DEE8-4E01-8283-43B0DEB6ECEA}.Debug|Mixed Platforms.ActiveCfg = Debug|Any CPU
		{9DB5DB92-DEE8-4E01-8283-43B0DEB6ECEA}.Debug|Mixed Platforms.Build.0 = Debug|Any CPU
		{9DB5DB92-DEE8-4E01-8283-43B0DEB6ECEA}.Debug|Win32.ActiveCfg = Debug|Any CPU
		{9DB5DB92-DEE8-4E01-8283-43B0DEB6ECEA}.Debug|x64.ActiveCfg = Debug|Any CPU
		{9DB5DB92-DEE8-4E01-8283-43B0DEB6ECEA}.Debug|x86.ActiveCfg = Debug|Any CPU
		{9DB5DB92-DEE8-4E01-8283-43B0DEB6ECEA}.Release|Any CPU.ActiveCfg = Release|Any CPU
		{9DB5DB92-DEE8-4E01-8283-43B0DEB6ECEA}.Release|Any CPU.Build.0 = Release|Any CPU
		{9DB5DB92-DEE8-4E01-8283-43B0DEB6ECEA}.Release|ARM.ActiveCfg = Release|Any CPU
		{9DB5DB92-DEE8-4E01-8283-43B0DEB6ECEA}.Release|Mixed Platforms.ActiveCfg = Release|Any CPU
		{9DB5DB92-DEE8-4E01-8283-43B0DEB6ECEA}.Release|Mixed Platforms.Build.0 = Release|Any CPU
		{9DB5DB92-DEE8-4E01-8283-43B0DEB6ECEA}.Release|Win32.ActiveCfg = Release|Any CPU
		{9DB5DB92-DEE8-4E01-8283-43B0DEB6ECEA}.Release|x64.ActiveCfg = Release|Any CPU
		{9DB5DB92-DEE8-4E01-8283-43B0DEB6ECEA}.Release|x86.ActiveCfg = Release|Any CPU
		{7A095475-FFEC-4341-AF2E-614495DA18AC}.Debug|Any CPU.ActiveCfg = Debug|Any CPU
		{7A095475-FFEC-4341-AF2E-614495DA18AC}.Debug|Any CPU.Build.0 = Debug|Any CPU
		{7A095475-FFEC-4341-AF2E-614495DA18AC}.Debug|ARM.ActiveCfg = Debug|Any CPU
		{7A095475-FFEC-4341-AF2E-614495DA18AC}.Debug|Mixed Platforms.ActiveCfg = Debug|Any CPU
		{7A095475-FFEC-4341-AF2E-614495DA18AC}.Debug|Mixed Platforms.Build.0 = Debug|Any CPU
		{7A095475-FFEC-4341-AF2E-614495DA18AC}.Debug|Win32.ActiveCfg = Debug|Any CPU
		{7A095475-FFEC-4341-AF2E-614495DA18AC}.Debug|x64.ActiveCfg = Debug|Any CPU
		{7A095475-FFEC-4341-AF2E-614495DA18AC}.Debug|x86.ActiveCfg = Debug|Any CPU
		{7A095475-FFEC-4341-AF2E-614495DA18AC}.Release|Any CPU.ActiveCfg = Release|Any CPU
		{7A095475-FFEC-4341-AF2E-614495DA18AC}.Release|Any CPU.Build.0 = Release|Any CPU
		{7A095475-FFEC-4341-AF2E-614495DA18AC}.Release|ARM.ActiveCfg = Release|Any CPU
		{7A095475-FFEC-4341-AF2E-614495DA18AC}.Release|Mixed Platforms.ActiveCfg = Release|Any CPU
		{7A095475-FFEC-4341-AF2E-614495DA18AC}.Release|Mixed Platforms.Build.0 = Release|Any CPU
		{7A095475-FFEC-4341-AF2E-614495DA18AC}.Release|Win32.ActiveCfg = Release|Any CPU
		{7A095475-FFEC-4341-AF2E-614495DA18AC}.Release|x64.ActiveCfg = Release|Any CPU
		{7A095475-FFEC-4341-AF2E-614495DA18AC}.Release|x86.ActiveCfg = Release|Any CPU
		{6266B84A-C9F3-4179-A5F4-3A42DACB04DA}.Debug|Any CPU.ActiveCfg = Debug|Any CPU
		{6266B84A-C9F3-4179-A5F4-3A42DACB04DA}.Debug|Any CPU.Build.0 = Debug|Any CPU
		{6266B84A-C9F3-4179-A5F4-3A42DACB04DA}.Debug|ARM.ActiveCfg = Debug|Any CPU
		{6266B84A-C9F3-4179-A5F4-3A42DACB04DA}.Debug|Mixed Platforms.ActiveCfg = Debug|Any CPU
		{6266B84A-C9F3-4179-A5F4-3A42DACB04DA}.Debug|Mixed Platforms.Build.0 = Debug|Any CPU
		{6266B84A-C9F3-4179-A5F4-3A42DACB04DA}.Debug|Win32.ActiveCfg = Debug|Any CPU
		{6266B84A-C9F3-4179-A5F4-3A42DACB04DA}.Debug|x64.ActiveCfg = Debug|Any CPU
		{6266B84A-C9F3-4179-A5F4-3A42DACB04DA}.Debug|x86.ActiveCfg = Debug|Any CPU
		{6266B84A-C9F3-4179-A5F4-3A42DACB04DA}.Release|Any CPU.ActiveCfg = Release|Any CPU
		{6266B84A-C9F3-4179-A5F4-3A42DACB04DA}.Release|Any CPU.Build.0 = Release|Any CPU
		{6266B84A-C9F3-4179-A5F4-3A42DACB04DA}.Release|ARM.ActiveCfg = Release|Any CPU
		{6266B84A-C9F3-4179-A5F4-3A42DACB04DA}.Release|Mixed Platforms.ActiveCfg = Release|Any CPU
		{6266B84A-C9F3-4179-A5F4-3A42DACB04DA}.Release|Mixed Platforms.Build.0 = Release|Any CPU
		{6266B84A-C9F3-4179-A5F4-3A42DACB04DA}.Release|Win32.ActiveCfg = Release|Any CPU
		{6266B84A-C9F3-4179-A5F4-3A42DACB04DA}.Release|x64.ActiveCfg = Release|Any CPU
		{6266B84A-C9F3-4179-A5F4-3A42DACB04DA}.Release|x86.ActiveCfg = Release|Any CPU
		{ABD64EC2-423F-4FEE-8FEC-B067CEEA3291}.Debug|Any CPU.ActiveCfg = Debug|Any CPU
		{ABD64EC2-423F-4FEE-8FEC-B067CEEA3291}.Debug|ARM.ActiveCfg = Debug|Any CPU
		{ABD64EC2-423F-4FEE-8FEC-B067CEEA3291}.Debug|Mixed Platforms.ActiveCfg = Debug|Any CPU
		{ABD64EC2-423F-4FEE-8FEC-B067CEEA3291}.Debug|Win32.ActiveCfg = Debug|Any CPU
		{ABD64EC2-423F-4FEE-8FEC-B067CEEA3291}.Debug|x64.ActiveCfg = Debug|Any CPU
		{ABD64EC2-423F-4FEE-8FEC-B067CEEA3291}.Debug|x86.ActiveCfg = Debug|Any CPU
		{ABD64EC2-423F-4FEE-8FEC-B067CEEA3291}.Release|Any CPU.ActiveCfg = Release|Any CPU
		{ABD64EC2-423F-4FEE-8FEC-B067CEEA3291}.Release|ARM.ActiveCfg = Release|Any CPU
		{ABD64EC2-423F-4FEE-8FEC-B067CEEA3291}.Release|Mixed Platforms.ActiveCfg = Release|Any CPU
		{ABD64EC2-423F-4FEE-8FEC-B067CEEA3291}.Release|Win32.ActiveCfg = Release|Any CPU
		{ABD64EC2-423F-4FEE-8FEC-B067CEEA3291}.Release|x64.ActiveCfg = Release|Any CPU
		{ABD64EC2-423F-4FEE-8FEC-B067CEEA3291}.Release|x86.ActiveCfg = Release|Any CPU
		{3693BC3B-F1DC-493D-8A63-49E7ED8DFD58}.Debug|Any CPU.ActiveCfg = Debug|Any CPU
		{3693BC3B-F1DC-493D-8A63-49E7ED8DFD58}.Debug|Any CPU.Build.0 = Debug|Any CPU
		{3693BC3B-F1DC-493D-8A63-49E7ED8DFD58}.Debug|ARM.ActiveCfg = Debug|Any CPU
		{3693BC3B-F1DC-493D-8A63-49E7ED8DFD58}.Debug|Mixed Platforms.ActiveCfg = Debug|Any CPU
		{3693BC3B-F1DC-493D-8A63-49E7ED8DFD58}.Debug|Mixed Platforms.Build.0 = Debug|Any CPU
		{3693BC3B-F1DC-493D-8A63-49E7ED8DFD58}.Debug|Win32.ActiveCfg = Debug|Any CPU
		{3693BC3B-F1DC-493D-8A63-49E7ED8DFD58}.Debug|x64.ActiveCfg = Debug|Any CPU
		{3693BC3B-F1DC-493D-8A63-49E7ED8DFD58}.Debug|x86.ActiveCfg = Debug|Any CPU
		{3693BC3B-F1DC-493D-8A63-49E7ED8DFD58}.Release|Any CPU.ActiveCfg = Release|Any CPU
		{3693BC3B-F1DC-493D-8A63-49E7ED8DFD58}.Release|Any CPU.Build.0 = Release|Any CPU
		{3693BC3B-F1DC-493D-8A63-49E7ED8DFD58}.Release|ARM.ActiveCfg = Release|Any CPU
		{3693BC3B-F1DC-493D-8A63-49E7ED8DFD58}.Release|Mixed Platforms.ActiveCfg = Release|Any CPU
		{3693BC3B-F1DC-493D-8A63-49E7ED8DFD58}.Release|Mixed Platforms.Build.0 = Release|Any CPU
		{3693BC3B-F1DC-493D-8A63-49E7ED8DFD58}.Release|Win32.ActiveCfg = Release|Any CPU
		{3693BC3B-F1DC-493D-8A63-49E7ED8DFD58}.Release|x64.ActiveCfg = Release|Any CPU
		{3693BC3B-F1DC-493D-8A63-49E7ED8DFD58}.Release|x86.ActiveCfg = Release|Any CPU
		{BBAAA30E-46B4-410C-9E68-8DA90653316D}.Debug|Any CPU.ActiveCfg = Debug|Any CPU
		{BBAAA30E-46B4-410C-9E68-8DA90653316D}.Debug|Any CPU.Build.0 = Debug|Any CPU
		{BBAAA30E-46B4-410C-9E68-8DA90653316D}.Debug|ARM.ActiveCfg = Debug|Any CPU
		{BBAAA30E-46B4-410C-9E68-8DA90653316D}.Debug|Mixed Platforms.ActiveCfg = Debug|Any CPU
		{BBAAA30E-46B4-410C-9E68-8DA90653316D}.Debug|Mixed Platforms.Build.0 = Debug|Any CPU
		{BBAAA30E-46B4-410C-9E68-8DA90653316D}.Debug|Win32.ActiveCfg = Debug|Any CPU
		{BBAAA30E-46B4-410C-9E68-8DA90653316D}.Debug|x64.ActiveCfg = Debug|Any CPU
		{BBAAA30E-46B4-410C-9E68-8DA90653316D}.Debug|x86.ActiveCfg = Debug|Any CPU
		{BBAAA30E-46B4-410C-9E68-8DA90653316D}.Release|Any CPU.ActiveCfg = Release|Any CPU
		{BBAAA30E-46B4-410C-9E68-8DA90653316D}.Release|Any CPU.Build.0 = Release|Any CPU
		{BBAAA30E-46B4-410C-9E68-8DA90653316D}.Release|ARM.ActiveCfg = Release|Any CPU
		{BBAAA30E-46B4-410C-9E68-8DA90653316D}.Release|Mixed Platforms.ActiveCfg = Release|Any CPU
		{BBAAA30E-46B4-410C-9E68-8DA90653316D}.Release|Mixed Platforms.Build.0 = Release|Any CPU
		{BBAAA30E-46B4-410C-9E68-8DA90653316D}.Release|Win32.ActiveCfg = Release|Any CPU
		{BBAAA30E-46B4-410C-9E68-8DA90653316D}.Release|x64.ActiveCfg = Release|Any CPU
		{BBAAA30E-46B4-410C-9E68-8DA90653316D}.Release|x86.ActiveCfg = Release|Any CPU
		{1347BA5F-5E64-4F73-883A-9CA5A3AE8732}.Debug|Any CPU.ActiveCfg = Debug|Any CPU
		{1347BA5F-5E64-4F73-883A-9CA5A3AE8732}.Debug|Any CPU.Build.0 = Debug|Any CPU
		{1347BA5F-5E64-4F73-883A-9CA5A3AE8732}.Debug|ARM.ActiveCfg = Debug|Any CPU
		{1347BA5F-5E64-4F73-883A-9CA5A3AE8732}.Debug|Mixed Platforms.ActiveCfg = Debug|Any CPU
		{1347BA5F-5E64-4F73-883A-9CA5A3AE8732}.Debug|Mixed Platforms.Build.0 = Debug|Any CPU
		{1347BA5F-5E64-4F73-883A-9CA5A3AE8732}.Debug|Win32.ActiveCfg = Debug|Any CPU
		{1347BA5F-5E64-4F73-883A-9CA5A3AE8732}.Debug|x64.ActiveCfg = Debug|Any CPU
		{1347BA5F-5E64-4F73-883A-9CA5A3AE8732}.Debug|x86.ActiveCfg = Debug|Any CPU
		{1347BA5F-5E64-4F73-883A-9CA5A3AE8732}.Release|Any CPU.ActiveCfg = Release|Any CPU
		{1347BA5F-5E64-4F73-883A-9CA5A3AE8732}.Release|Any CPU.Build.0 = Release|Any CPU
		{1347BA5F-5E64-4F73-883A-9CA5A3AE8732}.Release|ARM.ActiveCfg = Release|Any CPU
		{1347BA5F-5E64-4F73-883A-9CA5A3AE8732}.Release|Mixed Platforms.ActiveCfg = Release|Any CPU
		{1347BA5F-5E64-4F73-883A-9CA5A3AE8732}.Release|Mixed Platforms.Build.0 = Release|Any CPU
		{1347BA5F-5E64-4F73-883A-9CA5A3AE8732}.Release|Win32.ActiveCfg = Release|Any CPU
		{1347BA5F-5E64-4F73-883A-9CA5A3AE8732}.Release|x64.ActiveCfg = Release|Any CPU
		{1347BA5F-5E64-4F73-883A-9CA5A3AE8732}.Release|x86.ActiveCfg = Release|Any CPU
		{655242D4-0A65-478C-AE5F-21B7D34DA305}.Debug|Any CPU.ActiveCfg = Debug|Any CPU
		{655242D4-0A65-478C-AE5F-21B7D34DA305}.Debug|Any CPU.Build.0 = Debug|Any CPU
		{655242D4-0A65-478C-AE5F-21B7D34DA305}.Debug|ARM.ActiveCfg = Debug|Any CPU
		{655242D4-0A65-478C-AE5F-21B7D34DA305}.Debug|Mixed Platforms.ActiveCfg = Debug|Any CPU
		{655242D4-0A65-478C-AE5F-21B7D34DA305}.Debug|Mixed Platforms.Build.0 = Debug|Any CPU
		{655242D4-0A65-478C-AE5F-21B7D34DA305}.Debug|Win32.ActiveCfg = Debug|Any CPU
		{655242D4-0A65-478C-AE5F-21B7D34DA305}.Debug|x64.ActiveCfg = Debug|Any CPU
		{655242D4-0A65-478C-AE5F-21B7D34DA305}.Debug|x86.ActiveCfg = Debug|Any CPU
		{655242D4-0A65-478C-AE5F-21B7D34DA305}.Release|Any CPU.ActiveCfg = Release|Any CPU
		{655242D4-0A65-478C-AE5F-21B7D34DA305}.Release|Any CPU.Build.0 = Release|Any CPU
		{655242D4-0A65-478C-AE5F-21B7D34DA305}.Release|ARM.ActiveCfg = Release|Any CPU
		{655242D4-0A65-478C-AE5F-21B7D34DA305}.Release|Mixed Platforms.ActiveCfg = Release|Any CPU
		{655242D4-0A65-478C-AE5F-21B7D34DA305}.Release|Mixed Platforms.Build.0 = Release|Any CPU
		{655242D4-0A65-478C-AE5F-21B7D34DA305}.Release|Win32.ActiveCfg = Release|Any CPU
		{655242D4-0A65-478C-AE5F-21B7D34DA305}.Release|x64.ActiveCfg = Release|Any CPU
		{655242D4-0A65-478C-AE5F-21B7D34DA305}.Release|x86.ActiveCfg = Release|Any CPU
		{5A67FE83-7881-4693-800C-7077C7FA88EB}.Debug|Any CPU.ActiveCfg = Debug|Any CPU
		{5A67FE83-7881-4693-800C-7077C7FA88EB}.Debug|Any CPU.Build.0 = Debug|Any CPU
		{5A67FE83-7881-4693-800C-7077C7FA88EB}.Debug|ARM.ActiveCfg = Debug|Any CPU
		{5A67FE83-7881-4693-800C-7077C7FA88EB}.Debug|Mixed Platforms.ActiveCfg = Debug|Any CPU
		{5A67FE83-7881-4693-800C-7077C7FA88EB}.Debug|Mixed Platforms.Build.0 = Debug|Any CPU
		{5A67FE83-7881-4693-800C-7077C7FA88EB}.Debug|Win32.ActiveCfg = Debug|Any CPU
		{5A67FE83-7881-4693-800C-7077C7FA88EB}.Debug|x64.ActiveCfg = Debug|Any CPU
		{5A67FE83-7881-4693-800C-7077C7FA88EB}.Debug|x86.ActiveCfg = Debug|Any CPU
		{5A67FE83-7881-4693-800C-7077C7FA88EB}.Release|Any CPU.ActiveCfg = Release|Any CPU
		{5A67FE83-7881-4693-800C-7077C7FA88EB}.Release|Any CPU.Build.0 = Release|Any CPU
		{5A67FE83-7881-4693-800C-7077C7FA88EB}.Release|ARM.ActiveCfg = Release|Any CPU
		{5A67FE83-7881-4693-800C-7077C7FA88EB}.Release|Mixed Platforms.ActiveCfg = Release|Any CPU
		{5A67FE83-7881-4693-800C-7077C7FA88EB}.Release|Mixed Platforms.Build.0 = Release|Any CPU
		{5A67FE83-7881-4693-800C-7077C7FA88EB}.Release|Win32.ActiveCfg = Release|Any CPU
		{5A67FE83-7881-4693-800C-7077C7FA88EB}.Release|x64.ActiveCfg = Release|Any CPU
		{5A67FE83-7881-4693-800C-7077C7FA88EB}.Release|x86.ActiveCfg = Release|Any CPU
		{CF59FD01-0918-4603-9406-E7D01314F6E9}.Debug|Any CPU.ActiveCfg = Debug|Any CPU
		{CF59FD01-0918-4603-9406-E7D01314F6E9}.Debug|Any CPU.Build.0 = Debug|Any CPU
		{CF59FD01-0918-4603-9406-E7D01314F6E9}.Debug|ARM.ActiveCfg = Debug|Any CPU
		{CF59FD01-0918-4603-9406-E7D01314F6E9}.Debug|Mixed Platforms.ActiveCfg = Debug|Any CPU
		{CF59FD01-0918-4603-9406-E7D01314F6E9}.Debug|Mixed Platforms.Build.0 = Debug|Any CPU
		{CF59FD01-0918-4603-9406-E7D01314F6E9}.Debug|Win32.ActiveCfg = Debug|Any CPU
		{CF59FD01-0918-4603-9406-E7D01314F6E9}.Debug|x64.ActiveCfg = Debug|Any CPU
		{CF59FD01-0918-4603-9406-E7D01314F6E9}.Debug|x86.ActiveCfg = Debug|Any CPU
		{CF59FD01-0918-4603-9406-E7D01314F6E9}.Release|Any CPU.ActiveCfg = Release|Any CPU
		{CF59FD01-0918-4603-9406-E7D01314F6E9}.Release|Any CPU.Build.0 = Release|Any CPU
		{CF59FD01-0918-4603-9406-E7D01314F6E9}.Release|ARM.ActiveCfg = Release|Any CPU
		{CF59FD01-0918-4603-9406-E7D01314F6E9}.Release|Mixed Platforms.ActiveCfg = Release|Any CPU
		{CF59FD01-0918-4603-9406-E7D01314F6E9}.Release|Mixed Platforms.Build.0 = Release|Any CPU
		{CF59FD01-0918-4603-9406-E7D01314F6E9}.Release|Win32.ActiveCfg = Release|Any CPU
		{CF59FD01-0918-4603-9406-E7D01314F6E9}.Release|x64.ActiveCfg = Release|Any CPU
		{CF59FD01-0918-4603-9406-E7D01314F6E9}.Release|x86.ActiveCfg = Release|Any CPU
		{2B9F1FFF-A277-4DC1-81CF-E6A3AFA5B4EF}.Debug|Any CPU.ActiveCfg = Debug|Any CPU
		{2B9F1FFF-A277-4DC1-81CF-E6A3AFA5B4EF}.Debug|Any CPU.Build.0 = Debug|Any CPU
		{2B9F1FFF-A277-4DC1-81CF-E6A3AFA5B4EF}.Debug|ARM.ActiveCfg = Debug|Any CPU
		{2B9F1FFF-A277-4DC1-81CF-E6A3AFA5B4EF}.Debug|Mixed Platforms.ActiveCfg = Debug|Any CPU
		{2B9F1FFF-A277-4DC1-81CF-E6A3AFA5B4EF}.Debug|Mixed Platforms.Build.0 = Debug|Any CPU
		{2B9F1FFF-A277-4DC1-81CF-E6A3AFA5B4EF}.Debug|Win32.ActiveCfg = Debug|Any CPU
		{2B9F1FFF-A277-4DC1-81CF-E6A3AFA5B4EF}.Debug|x64.ActiveCfg = Debug|Any CPU
		{2B9F1FFF-A277-4DC1-81CF-E6A3AFA5B4EF}.Debug|x86.ActiveCfg = Debug|Any CPU
		{2B9F1FFF-A277-4DC1-81CF-E6A3AFA5B4EF}.Release|Any CPU.ActiveCfg = Release|Any CPU
		{2B9F1FFF-A277-4DC1-81CF-E6A3AFA5B4EF}.Release|Any CPU.Build.0 = Release|Any CPU
		{2B9F1FFF-A277-4DC1-81CF-E6A3AFA5B4EF}.Release|ARM.ActiveCfg = Release|Any CPU
		{2B9F1FFF-A277-4DC1-81CF-E6A3AFA5B4EF}.Release|Mixed Platforms.ActiveCfg = Release|Any CPU
		{2B9F1FFF-A277-4DC1-81CF-E6A3AFA5B4EF}.Release|Mixed Platforms.Build.0 = Release|Any CPU
		{2B9F1FFF-A277-4DC1-81CF-E6A3AFA5B4EF}.Release|Win32.ActiveCfg = Release|Any CPU
		{2B9F1FFF-A277-4DC1-81CF-E6A3AFA5B4EF}.Release|x64.ActiveCfg = Release|Any CPU
		{2B9F1FFF-A277-4DC1-81CF-E6A3AFA5B4EF}.Release|x86.ActiveCfg = Release|Any CPU
		{74347348-653A-41A1-8529-BBE2A5523BFB}.Debug|Any CPU.ActiveCfg = Debug|Any CPU
		{74347348-653A-41A1-8529-BBE2A5523BFB}.Debug|Any CPU.Build.0 = Debug|Any CPU
		{74347348-653A-41A1-8529-BBE2A5523BFB}.Debug|Any CPU.Deploy.0 = Debug|Any CPU
		{74347348-653A-41A1-8529-BBE2A5523BFB}.Debug|ARM.ActiveCfg = Debug|ARM
		{74347348-653A-41A1-8529-BBE2A5523BFB}.Debug|ARM.Build.0 = Debug|ARM
		{74347348-653A-41A1-8529-BBE2A5523BFB}.Debug|ARM.Deploy.0 = Debug|ARM
		{74347348-653A-41A1-8529-BBE2A5523BFB}.Debug|Mixed Platforms.ActiveCfg = Debug|Any CPU
		{74347348-653A-41A1-8529-BBE2A5523BFB}.Debug|Mixed Platforms.Build.0 = Debug|Any CPU
		{74347348-653A-41A1-8529-BBE2A5523BFB}.Debug|Mixed Platforms.Deploy.0 = Debug|Any CPU
		{74347348-653A-41A1-8529-BBE2A5523BFB}.Debug|Win32.ActiveCfg = Debug|x86
		{74347348-653A-41A1-8529-BBE2A5523BFB}.Debug|Win32.Build.0 = Debug|x86
		{74347348-653A-41A1-8529-BBE2A5523BFB}.Debug|Win32.Deploy.0 = Debug|x86
		{74347348-653A-41A1-8529-BBE2A5523BFB}.Debug|x64.ActiveCfg = Debug|x64
		{74347348-653A-41A1-8529-BBE2A5523BFB}.Debug|x64.Build.0 = Debug|x64
		{74347348-653A-41A1-8529-BBE2A5523BFB}.Debug|x64.Deploy.0 = Debug|x64
		{74347348-653A-41A1-8529-BBE2A5523BFB}.Debug|x86.ActiveCfg = Debug|x86
		{74347348-653A-41A1-8529-BBE2A5523BFB}.Debug|x86.Build.0 = Debug|x86
		{74347348-653A-41A1-8529-BBE2A5523BFB}.Debug|x86.Deploy.0 = Debug|x86
		{74347348-653A-41A1-8529-BBE2A5523BFB}.Release|Any CPU.ActiveCfg = Release|Any CPU
		{74347348-653A-41A1-8529-BBE2A5523BFB}.Release|Any CPU.Build.0 = Release|Any CPU
		{74347348-653A-41A1-8529-BBE2A5523BFB}.Release|Any CPU.Deploy.0 = Release|Any CPU
		{74347348-653A-41A1-8529-BBE2A5523BFB}.Release|ARM.ActiveCfg = Release|ARM
		{74347348-653A-41A1-8529-BBE2A5523BFB}.Release|ARM.Build.0 = Release|ARM
		{74347348-653A-41A1-8529-BBE2A5523BFB}.Release|ARM.Deploy.0 = Release|ARM
		{74347348-653A-41A1-8529-BBE2A5523BFB}.Release|Mixed Platforms.ActiveCfg = Release|x86
		{74347348-653A-41A1-8529-BBE2A5523BFB}.Release|Mixed Platforms.Build.0 = Release|x86
		{74347348-653A-41A1-8529-BBE2A5523BFB}.Release|Mixed Platforms.Deploy.0 = Release|x86
		{74347348-653A-41A1-8529-BBE2A5523BFB}.Release|Win32.ActiveCfg = Release|x86
		{74347348-653A-41A1-8529-BBE2A5523BFB}.Release|Win32.Build.0 = Release|x86
		{74347348-653A-41A1-8529-BBE2A5523BFB}.Release|Win32.Deploy.0 = Release|x86
		{74347348-653A-41A1-8529-BBE2A5523BFB}.Release|x64.ActiveCfg = Release|x64
		{74347348-653A-41A1-8529-BBE2A5523BFB}.Release|x64.Build.0 = Release|x64
		{74347348-653A-41A1-8529-BBE2A5523BFB}.Release|x64.Deploy.0 = Release|x64
		{74347348-653A-41A1-8529-BBE2A5523BFB}.Release|x86.ActiveCfg = Release|x86
		{74347348-653A-41A1-8529-BBE2A5523BFB}.Release|x86.Build.0 = Release|x86
		{74347348-653A-41A1-8529-BBE2A5523BFB}.Release|x86.Deploy.0 = Release|x86
		{BA61B371-2688-4675-A6B0-5D37835A6578}.Debug|Any CPU.ActiveCfg = Debug|Any CPU
		{BA61B371-2688-4675-A6B0-5D37835A6578}.Debug|Any CPU.Build.0 = Debug|Any CPU
		{BA61B371-2688-4675-A6B0-5D37835A6578}.Debug|ARM.ActiveCfg = Debug|ARM
		{BA61B371-2688-4675-A6B0-5D37835A6578}.Debug|ARM.Build.0 = Debug|ARM
		{BA61B371-2688-4675-A6B0-5D37835A6578}.Debug|Mixed Platforms.ActiveCfg = Debug|Any CPU
		{BA61B371-2688-4675-A6B0-5D37835A6578}.Debug|Mixed Platforms.Build.0 = Debug|Any CPU
		{BA61B371-2688-4675-A6B0-5D37835A6578}.Debug|Win32.ActiveCfg = Debug|x86
		{BA61B371-2688-4675-A6B0-5D37835A6578}.Debug|Win32.Build.0 = Debug|x86
		{BA61B371-2688-4675-A6B0-5D37835A6578}.Debug|x64.ActiveCfg = Debug|x64
		{BA61B371-2688-4675-A6B0-5D37835A6578}.Debug|x64.Build.0 = Debug|x64
		{BA61B371-2688-4675-A6B0-5D37835A6578}.Debug|x86.ActiveCfg = Debug|x86
		{BA61B371-2688-4675-A6B0-5D37835A6578}.Debug|x86.Build.0 = Debug|x86
		{BA61B371-2688-4675-A6B0-5D37835A6578}.Release|Any CPU.ActiveCfg = Release|Any CPU
		{BA61B371-2688-4675-A6B0-5D37835A6578}.Release|Any CPU.Build.0 = Release|Any CPU
		{BA61B371-2688-4675-A6B0-5D37835A6578}.Release|ARM.ActiveCfg = Release|ARM
		{BA61B371-2688-4675-A6B0-5D37835A6578}.Release|ARM.Build.0 = Release|ARM
		{BA61B371-2688-4675-A6B0-5D37835A6578}.Release|Mixed Platforms.ActiveCfg = Release|Any CPU
		{BA61B371-2688-4675-A6B0-5D37835A6578}.Release|Mixed Platforms.Build.0 = Release|Any CPU
		{BA61B371-2688-4675-A6B0-5D37835A6578}.Release|Win32.ActiveCfg = Release|x86
		{BA61B371-2688-4675-A6B0-5D37835A6578}.Release|Win32.Build.0 = Release|x86
		{BA61B371-2688-4675-A6B0-5D37835A6578}.Release|x64.ActiveCfg = Release|x64
		{BA61B371-2688-4675-A6B0-5D37835A6578}.Release|x64.Build.0 = Release|x64
		{BA61B371-2688-4675-A6B0-5D37835A6578}.Release|x86.ActiveCfg = Release|x86
		{BA61B371-2688-4675-A6B0-5D37835A6578}.Release|x86.Build.0 = Release|x86
		{1E7F5799-80FC-445D-A0B1-C970AA3CDC2A}.Debug|Any CPU.ActiveCfg = Debug|Any CPU
		{1E7F5799-80FC-445D-A0B1-C970AA3CDC2A}.Debug|Any CPU.Build.0 = Debug|Any CPU
		{1E7F5799-80FC-445D-A0B1-C970AA3CDC2A}.Debug|ARM.ActiveCfg = Debug|Any CPU
		{1E7F5799-80FC-445D-A0B1-C970AA3CDC2A}.Debug|Mixed Platforms.ActiveCfg = Debug|Any CPU
		{1E7F5799-80FC-445D-A0B1-C970AA3CDC2A}.Debug|Mixed Platforms.Build.0 = Debug|Any CPU
		{1E7F5799-80FC-445D-A0B1-C970AA3CDC2A}.Debug|Win32.ActiveCfg = Debug|Any CPU
		{1E7F5799-80FC-445D-A0B1-C970AA3CDC2A}.Debug|x64.ActiveCfg = Debug|Any CPU
		{1E7F5799-80FC-445D-A0B1-C970AA3CDC2A}.Debug|x86.ActiveCfg = Debug|Any CPU
		{1E7F5799-80FC-445D-A0B1-C970AA3CDC2A}.Release|Any CPU.ActiveCfg = Release|Any CPU
		{1E7F5799-80FC-445D-A0B1-C970AA3CDC2A}.Release|Any CPU.Build.0 = Release|Any CPU
		{1E7F5799-80FC-445D-A0B1-C970AA3CDC2A}.Release|ARM.ActiveCfg = Release|Any CPU
		{1E7F5799-80FC-445D-A0B1-C970AA3CDC2A}.Release|Mixed Platforms.ActiveCfg = Release|Any CPU
		{1E7F5799-80FC-445D-A0B1-C970AA3CDC2A}.Release|Mixed Platforms.Build.0 = Release|Any CPU
		{1E7F5799-80FC-445D-A0B1-C970AA3CDC2A}.Release|Win32.ActiveCfg = Release|Any CPU
		{1E7F5799-80FC-445D-A0B1-C970AA3CDC2A}.Release|x64.ActiveCfg = Release|Any CPU
		{1E7F5799-80FC-445D-A0B1-C970AA3CDC2A}.Release|x86.ActiveCfg = Release|Any CPU
		{7B0A3412-7C54-4DB0-B6EE-3B4A2F8212C7}.Debug|Any CPU.ActiveCfg = Debug|Any CPU
		{7B0A3412-7C54-4DB0-B6EE-3B4A2F8212C7}.Debug|Any CPU.Build.0 = Debug|Any CPU
		{7B0A3412-7C54-4DB0-B6EE-3B4A2F8212C7}.Debug|ARM.ActiveCfg = Debug|ARM
		{7B0A3412-7C54-4DB0-B6EE-3B4A2F8212C7}.Debug|ARM.Build.0 = Debug|ARM
		{7B0A3412-7C54-4DB0-B6EE-3B4A2F8212C7}.Debug|Mixed Platforms.ActiveCfg = Debug|Any CPU
		{7B0A3412-7C54-4DB0-B6EE-3B4A2F8212C7}.Debug|Mixed Platforms.Build.0 = Debug|Any CPU
		{7B0A3412-7C54-4DB0-B6EE-3B4A2F8212C7}.Debug|Win32.ActiveCfg = Debug|x86
		{7B0A3412-7C54-4DB0-B6EE-3B4A2F8212C7}.Debug|Win32.Build.0 = Debug|x86
		{7B0A3412-7C54-4DB0-B6EE-3B4A2F8212C7}.Debug|x64.ActiveCfg = Debug|Any CPU
		{7B0A3412-7C54-4DB0-B6EE-3B4A2F8212C7}.Debug|x86.ActiveCfg = Debug|x86
		{7B0A3412-7C54-4DB0-B6EE-3B4A2F8212C7}.Debug|x86.Build.0 = Debug|x86
		{7B0A3412-7C54-4DB0-B6EE-3B4A2F8212C7}.Release|Any CPU.ActiveCfg = Release|Any CPU
		{7B0A3412-7C54-4DB0-B6EE-3B4A2F8212C7}.Release|Any CPU.Build.0 = Release|Any CPU
		{7B0A3412-7C54-4DB0-B6EE-3B4A2F8212C7}.Release|ARM.ActiveCfg = Release|ARM
		{7B0A3412-7C54-4DB0-B6EE-3B4A2F8212C7}.Release|ARM.Build.0 = Release|ARM
		{7B0A3412-7C54-4DB0-B6EE-3B4A2F8212C7}.Release|Mixed Platforms.ActiveCfg = Release|x86
		{7B0A3412-7C54-4DB0-B6EE-3B4A2F8212C7}.Release|Mixed Platforms.Build.0 = Release|x86
		{7B0A3412-7C54-4DB0-B6EE-3B4A2F8212C7}.Release|Win32.ActiveCfg = Release|x86
		{7B0A3412-7C54-4DB0-B6EE-3B4A2F8212C7}.Release|Win32.Build.0 = Release|x86
		{7B0A3412-7C54-4DB0-B6EE-3B4A2F8212C7}.Release|x64.ActiveCfg = Release|Any CPU
		{7B0A3412-7C54-4DB0-B6EE-3B4A2F8212C7}.Release|x86.ActiveCfg = Release|x86
		{7B0A3412-7C54-4DB0-B6EE-3B4A2F8212C7}.Release|x86.Build.0 = Release|x86
		{752AA322-F235-4357-A19D-BF034101493D}.Debug|Any CPU.ActiveCfg = Debug|Any CPU
		{752AA322-F235-4357-A19D-BF034101493D}.Debug|Any CPU.Build.0 = Debug|Any CPU
		{752AA322-F235-4357-A19D-BF034101493D}.Debug|Any CPU.Deploy.0 = Debug|Any CPU
		{752AA322-F235-4357-A19D-BF034101493D}.Debug|ARM.ActiveCfg = Debug|ARM
		{752AA322-F235-4357-A19D-BF034101493D}.Debug|ARM.Build.0 = Debug|ARM
		{752AA322-F235-4357-A19D-BF034101493D}.Debug|ARM.Deploy.0 = Debug|ARM
		{752AA322-F235-4357-A19D-BF034101493D}.Debug|Mixed Platforms.ActiveCfg = Debug|Any CPU
		{752AA322-F235-4357-A19D-BF034101493D}.Debug|Mixed Platforms.Build.0 = Debug|Any CPU
		{752AA322-F235-4357-A19D-BF034101493D}.Debug|Mixed Platforms.Deploy.0 = Debug|Any CPU
		{752AA322-F235-4357-A19D-BF034101493D}.Debug|Win32.ActiveCfg = Debug|x86
		{752AA322-F235-4357-A19D-BF034101493D}.Debug|Win32.Build.0 = Debug|x86
		{752AA322-F235-4357-A19D-BF034101493D}.Debug|Win32.Deploy.0 = Debug|x86
		{752AA322-F235-4357-A19D-BF034101493D}.Debug|x64.ActiveCfg = Debug|Any CPU
		{752AA322-F235-4357-A19D-BF034101493D}.Debug|x86.ActiveCfg = Debug|x86
		{752AA322-F235-4357-A19D-BF034101493D}.Debug|x86.Build.0 = Debug|x86
		{752AA322-F235-4357-A19D-BF034101493D}.Debug|x86.Deploy.0 = Debug|x86
		{752AA322-F235-4357-A19D-BF034101493D}.Release|Any CPU.ActiveCfg = Release|Any CPU
		{752AA322-F235-4357-A19D-BF034101493D}.Release|Any CPU.Build.0 = Release|Any CPU
		{752AA322-F235-4357-A19D-BF034101493D}.Release|Any CPU.Deploy.0 = Release|Any CPU
		{752AA322-F235-4357-A19D-BF034101493D}.Release|ARM.ActiveCfg = Release|ARM
		{752AA322-F235-4357-A19D-BF034101493D}.Release|ARM.Build.0 = Release|ARM
		{752AA322-F235-4357-A19D-BF034101493D}.Release|ARM.Deploy.0 = Release|ARM
		{752AA322-F235-4357-A19D-BF034101493D}.Release|Mixed Platforms.ActiveCfg = Release|x86
		{752AA322-F235-4357-A19D-BF034101493D}.Release|Mixed Platforms.Build.0 = Release|x86
		{752AA322-F235-4357-A19D-BF034101493D}.Release|Mixed Platforms.Deploy.0 = Release|x86
		{752AA322-F235-4357-A19D-BF034101493D}.Release|Win32.ActiveCfg = Release|x86
		{752AA322-F235-4357-A19D-BF034101493D}.Release|Win32.Build.0 = Release|x86
		{752AA322-F235-4357-A19D-BF034101493D}.Release|Win32.Deploy.0 = Release|x86
		{752AA322-F235-4357-A19D-BF034101493D}.Release|x64.ActiveCfg = Release|Any CPU
		{752AA322-F235-4357-A19D-BF034101493D}.Release|x86.ActiveCfg = Release|x86
		{752AA322-F235-4357-A19D-BF034101493D}.Release|x86.Build.0 = Release|x86
		{752AA322-F235-4357-A19D-BF034101493D}.Release|x86.Deploy.0 = Release|x86
		{DABED994-4CC7-4C98-AF9D-CAB35C2FEC62}.Debug|Any CPU.ActiveCfg = Debug|Any CPU
		{DABED994-4CC7-4C98-AF9D-CAB35C2FEC62}.Debug|Any CPU.Build.0 = Debug|Any CPU
		{DABED994-4CC7-4C98-AF9D-CAB35C2FEC62}.Debug|ARM.ActiveCfg = Debug|Any CPU
		{DABED994-4CC7-4C98-AF9D-CAB35C2FEC62}.Debug|Mixed Platforms.ActiveCfg = Debug|Any CPU
		{DABED994-4CC7-4C98-AF9D-CAB35C2FEC62}.Debug|Mixed Platforms.Build.0 = Debug|Any CPU
		{DABED994-4CC7-4C98-AF9D-CAB35C2FEC62}.Debug|Win32.ActiveCfg = Debug|Any CPU
		{DABED994-4CC7-4C98-AF9D-CAB35C2FEC62}.Debug|x64.ActiveCfg = Debug|Any CPU
		{DABED994-4CC7-4C98-AF9D-CAB35C2FEC62}.Debug|x86.ActiveCfg = Debug|Any CPU
		{DABED994-4CC7-4C98-AF9D-CAB35C2FEC62}.Release|Any CPU.ActiveCfg = Release|Any CPU
		{DABED994-4CC7-4C98-AF9D-CAB35C2FEC62}.Release|Any CPU.Build.0 = Release|Any CPU
		{DABED994-4CC7-4C98-AF9D-CAB35C2FEC62}.Release|ARM.ActiveCfg = Release|Any CPU
		{DABED994-4CC7-4C98-AF9D-CAB35C2FEC62}.Release|Mixed Platforms.ActiveCfg = Release|Any CPU
		{DABED994-4CC7-4C98-AF9D-CAB35C2FEC62}.Release|Mixed Platforms.Build.0 = Release|Any CPU
		{DABED994-4CC7-4C98-AF9D-CAB35C2FEC62}.Release|Win32.ActiveCfg = Release|Any CPU
		{DABED994-4CC7-4C98-AF9D-CAB35C2FEC62}.Release|x64.ActiveCfg = Release|Any CPU
		{DABED994-4CC7-4C98-AF9D-CAB35C2FEC62}.Release|x86.ActiveCfg = Release|Any CPU
		{0B6F5D16-8AA1-4281-A41F-5DDCE390C308}.Debug|Any CPU.ActiveCfg = Debug|Any CPU
		{0B6F5D16-8AA1-4281-A41F-5DDCE390C308}.Debug|Any CPU.Build.0 = Debug|Any CPU
		{0B6F5D16-8AA1-4281-A41F-5DDCE390C308}.Debug|ARM.ActiveCfg = Debug|Any CPU
		{0B6F5D16-8AA1-4281-A41F-5DDCE390C308}.Debug|Mixed Platforms.ActiveCfg = Debug|Any CPU
		{0B6F5D16-8AA1-4281-A41F-5DDCE390C308}.Debug|Mixed Platforms.Build.0 = Debug|Any CPU
		{0B6F5D16-8AA1-4281-A41F-5DDCE390C308}.Debug|Win32.ActiveCfg = Debug|Any CPU
		{0B6F5D16-8AA1-4281-A41F-5DDCE390C308}.Debug|x64.ActiveCfg = Debug|Any CPU
		{0B6F5D16-8AA1-4281-A41F-5DDCE390C308}.Debug|x86.ActiveCfg = Debug|Any CPU
		{0B6F5D16-8AA1-4281-A41F-5DDCE390C308}.Release|Any CPU.ActiveCfg = Release|Any CPU
		{0B6F5D16-8AA1-4281-A41F-5DDCE390C308}.Release|Any CPU.Build.0 = Release|Any CPU
		{0B6F5D16-8AA1-4281-A41F-5DDCE390C308}.Release|ARM.ActiveCfg = Release|Any CPU
		{0B6F5D16-8AA1-4281-A41F-5DDCE390C308}.Release|Mixed Platforms.ActiveCfg = Release|Any CPU
		{0B6F5D16-8AA1-4281-A41F-5DDCE390C308}.Release|Mixed Platforms.Build.0 = Release|Any CPU
		{0B6F5D16-8AA1-4281-A41F-5DDCE390C308}.Release|Win32.ActiveCfg = Release|Any CPU
		{0B6F5D16-8AA1-4281-A41F-5DDCE390C308}.Release|x64.ActiveCfg = Release|Any CPU
		{0B6F5D16-8AA1-4281-A41F-5DDCE390C308}.Release|x86.ActiveCfg = Release|Any CPU
		{F4AA3829-87F6-4515-9A1A-0D0CE1C35269}.Debug|Any CPU.ActiveCfg = Debug|Any CPU
		{F4AA3829-87F6-4515-9A1A-0D0CE1C35269}.Debug|Any CPU.Build.0 = Debug|Any CPU
		{F4AA3829-87F6-4515-9A1A-0D0CE1C35269}.Debug|ARM.ActiveCfg = Debug|ARM
		{F4AA3829-87F6-4515-9A1A-0D0CE1C35269}.Debug|ARM.Build.0 = Debug|ARM
		{F4AA3829-87F6-4515-9A1A-0D0CE1C35269}.Debug|Mixed Platforms.ActiveCfg = Debug|Any CPU
		{F4AA3829-87F6-4515-9A1A-0D0CE1C35269}.Debug|Mixed Platforms.Build.0 = Debug|Any CPU
		{F4AA3829-87F6-4515-9A1A-0D0CE1C35269}.Debug|Win32.ActiveCfg = Debug|x86
		{F4AA3829-87F6-4515-9A1A-0D0CE1C35269}.Debug|Win32.Build.0 = Debug|x86
		{F4AA3829-87F6-4515-9A1A-0D0CE1C35269}.Debug|x64.ActiveCfg = Debug|Any CPU
		{F4AA3829-87F6-4515-9A1A-0D0CE1C35269}.Debug|x86.ActiveCfg = Debug|x86
		{F4AA3829-87F6-4515-9A1A-0D0CE1C35269}.Debug|x86.Build.0 = Debug|x86
		{F4AA3829-87F6-4515-9A1A-0D0CE1C35269}.Release|Any CPU.ActiveCfg = Release|Any CPU
		{F4AA3829-87F6-4515-9A1A-0D0CE1C35269}.Release|Any CPU.Build.0 = Release|Any CPU
		{F4AA3829-87F6-4515-9A1A-0D0CE1C35269}.Release|ARM.ActiveCfg = Release|ARM
		{F4AA3829-87F6-4515-9A1A-0D0CE1C35269}.Release|ARM.Build.0 = Release|ARM
		{F4AA3829-87F6-4515-9A1A-0D0CE1C35269}.Release|Mixed Platforms.ActiveCfg = Release|x86
		{F4AA3829-87F6-4515-9A1A-0D0CE1C35269}.Release|Mixed Platforms.Build.0 = Release|x86
		{F4AA3829-87F6-4515-9A1A-0D0CE1C35269}.Release|Win32.ActiveCfg = Release|x86
		{F4AA3829-87F6-4515-9A1A-0D0CE1C35269}.Release|Win32.Build.0 = Release|x86
		{F4AA3829-87F6-4515-9A1A-0D0CE1C35269}.Release|x64.ActiveCfg = Release|Any CPU
		{F4AA3829-87F6-4515-9A1A-0D0CE1C35269}.Release|x86.ActiveCfg = Release|x86
		{F4AA3829-87F6-4515-9A1A-0D0CE1C35269}.Release|x86.Build.0 = Release|x86
		{B5E042F7-3261-41FD-9974-E7E3E5F4D8FD}.Debug|Any CPU.ActiveCfg = Debug|Any CPU
		{B5E042F7-3261-41FD-9974-E7E3E5F4D8FD}.Debug|Any CPU.Build.0 = Debug|Any CPU
		{B5E042F7-3261-41FD-9974-E7E3E5F4D8FD}.Debug|ARM.ActiveCfg = Debug|ARM
		{B5E042F7-3261-41FD-9974-E7E3E5F4D8FD}.Debug|ARM.Build.0 = Debug|ARM
		{B5E042F7-3261-41FD-9974-E7E3E5F4D8FD}.Debug|Mixed Platforms.ActiveCfg = Debug|Any CPU
		{B5E042F7-3261-41FD-9974-E7E3E5F4D8FD}.Debug|Mixed Platforms.Build.0 = Debug|Any CPU
		{B5E042F7-3261-41FD-9974-E7E3E5F4D8FD}.Debug|Win32.ActiveCfg = Debug|x86
		{B5E042F7-3261-41FD-9974-E7E3E5F4D8FD}.Debug|Win32.Build.0 = Debug|x86
		{B5E042F7-3261-41FD-9974-E7E3E5F4D8FD}.Debug|x64.ActiveCfg = Debug|Any CPU
		{B5E042F7-3261-41FD-9974-E7E3E5F4D8FD}.Debug|x86.ActiveCfg = Debug|x86
		{B5E042F7-3261-41FD-9974-E7E3E5F4D8FD}.Debug|x86.Build.0 = Debug|x86
		{B5E042F7-3261-41FD-9974-E7E3E5F4D8FD}.Release|Any CPU.ActiveCfg = Release|Any CPU
		{B5E042F7-3261-41FD-9974-E7E3E5F4D8FD}.Release|Any CPU.Build.0 = Release|Any CPU
		{B5E042F7-3261-41FD-9974-E7E3E5F4D8FD}.Release|ARM.ActiveCfg = Release|ARM
		{B5E042F7-3261-41FD-9974-E7E3E5F4D8FD}.Release|ARM.Build.0 = Release|ARM
		{B5E042F7-3261-41FD-9974-E7E3E5F4D8FD}.Release|Mixed Platforms.ActiveCfg = Release|x86
		{B5E042F7-3261-41FD-9974-E7E3E5F4D8FD}.Release|Mixed Platforms.Build.0 = Release|x86
		{B5E042F7-3261-41FD-9974-E7E3E5F4D8FD}.Release|Win32.ActiveCfg = Release|x86
		{B5E042F7-3261-41FD-9974-E7E3E5F4D8FD}.Release|Win32.Build.0 = Release|x86
		{B5E042F7-3261-41FD-9974-E7E3E5F4D8FD}.Release|x64.ActiveCfg = Release|Any CPU
		{B5E042F7-3261-41FD-9974-E7E3E5F4D8FD}.Release|x86.ActiveCfg = Release|x86
		{B5E042F7-3261-41FD-9974-E7E3E5F4D8FD}.Release|x86.Build.0 = Release|x86
	EndGlobalSection
	GlobalSection(SolutionProperties) = preSolution
		HideSolutionNode = FALSE
	EndGlobalSection
	GlobalSection(NestedProjects) = preSolution
		{6266B84A-C9F3-4179-A5F4-3A42DACB04DA} = {CB3EB5EC-A3F2-42BD-AC6F-74077F909BF2}
		{ABD64EC2-423F-4FEE-8FEC-B067CEEA3291} = {CB3EB5EC-A3F2-42BD-AC6F-74077F909BF2}
		{3693BC3B-F1DC-493D-8A63-49E7ED8DFD58} = {073130DB-45F5-4EB6-94DC-E30FB7882CDF}
		{BBAAA30E-46B4-410C-9E68-8DA90653316D} = {5016B952-5943-4858-A3AD-5B7FE9D93643}
		{1347BA5F-5E64-4F73-883A-9CA5A3AE8732} = {5016B952-5943-4858-A3AD-5B7FE9D93643}
		{655242D4-0A65-478C-AE5F-21B7D34DA305} = {B6215140-15BF-46BA-AC1C-227C284F3CC1}
		{5A67FE83-7881-4693-800C-7077C7FA88EB} = {B6215140-15BF-46BA-AC1C-227C284F3CC1}
		{CF59FD01-0918-4603-9406-E7D01314F6E9} = {B6215140-15BF-46BA-AC1C-227C284F3CC1}
		{2B9F1FFF-A277-4DC1-81CF-E6A3AFA5B4EF} = {B6215140-15BF-46BA-AC1C-227C284F3CC1}
		{74347348-653A-41A1-8529-BBE2A5523BFB} = {6D94E59B-FCC9-4DE2-915E-E0C1966D1CA9}
		{BA61B371-2688-4675-A6B0-5D37835A6578} = {6D94E59B-FCC9-4DE2-915E-E0C1966D1CA9}
		{1E7F5799-80FC-445D-A0B1-C970AA3CDC2A} = {B6215140-15BF-46BA-AC1C-227C284F3CC1}
		{7B0A3412-7C54-4DB0-B6EE-3B4A2F8212C7} = {349CC3D6-1960-449B-8614-868AD877996C}
		{752AA322-F235-4357-A19D-BF034101493D} = {349CC3D6-1960-449B-8614-868AD877996C}
		{DABED994-4CC7-4C98-AF9D-CAB35C2FEC62} = {073130DB-45F5-4EB6-94DC-E30FB7882CDF}
		{0B6F5D16-8AA1-4281-A41F-5DDCE390C308} = {073130DB-45F5-4EB6-94DC-E30FB7882CDF}
		{F4AA3829-87F6-4515-9A1A-0D0CE1C35269} = {349CC3D6-1960-449B-8614-868AD877996C}
		{B5E042F7-3261-41FD-9974-E7E3E5F4D8FD} = {349CC3D6-1960-449B-8614-868AD877996C}
	EndGlobalSection
EndGlobal
